
Microsoft Visual Studio Solution File, Format Version 12.00
# Visual Studio Version 17
VisualStudioVersion = 17.2.32526.322
MinimumVisualStudioVersion = 10.0.40219.1
Project("{FAE04EC0-301F-11D3-BF4B-00C04F79EFBC}") = "UserService", "UserService.csproj", "{8DAB09F6-0CC3-4785-85E4-53FE1D703D94}"
EndProject
Global
	GlobalSection(SolutionConfigurationPlatforms) = preSolution
		Debug|Any CPU = Debug|Any CPU
		Release|Any CPU = Release|Any CPU
	EndGlobalSection
	GlobalSection(ProjectConfigurationPlatforms) = postSolution
		{8DAB09F6-0CC3-4785-85E4-53FE1D703D94}.Debug|Any CPU.ActiveCfg = Debug|Any CPU
		{8DAB09F6-0CC3-4785-85E4-53FE1D703D94}.Debug|Any CPU.Build.0 = Debug|Any CPU
		{8DAB09F6-0CC3-4785-85E4-53FE1D703D94}.Release|Any CPU.ActiveCfg = Release|Any CPU
		{8DAB09F6-0CC3-4785-85E4-53FE1D703D94}.Release|Any CPU.Build.0 = Release|Any CPU
	EndGlobalSection
	GlobalSection(SolutionProperties) = preSolution
		HideSolutionNode = FALSE
	EndGlobalSection
	GlobalSection(ExtensibilityGlobals) = postSolution
		SolutionGuid = {895909C5-05E6-48BD-B44A-01E35D2BB400}
	EndGlobalSection
EndGlobal
